
Microsoft Visual Studio Solution File, Format Version 12.00
# Visual Studio Version 16
VisualStudioVersion = 16.0.30225.117
MinimumVisualStudioVersion = 10.0.40219.1
Project("{8BC9CEB8-8B4A-11D0-8D11-00A0C91BC942}") = "isan", "isan.vcxproj", "{CD472501-03DB-41C3-B877-DF73E302EB95}"
EndProject
Global
	GlobalSection(SolutionConfigurationPlatforms) = preSolution
		Debug|x64 = Debug|x64
		Debug|x86 = Debug|x86
		Release|x64 = Release|x64
		Release|x86 = Release|x86
	EndGlobalSection
	GlobalSection(ProjectConfigurationPlatforms) = postSolution
		{CD472501-03DB-41C3-B877-DF73E302EB95}.Debug|x64.ActiveCfg = Debug|x64
		{CD472501-03DB-41C3-B877-DF73E302EB95}.Debug|x64.Build.0 = Debug|x64
		{CD472501-03DB-41C3-B877-DF73E302EB95}.Debug|x86.ActiveCfg = Debug|Win32
		{CD472501-03DB-41C3-B877-DF73E302EB95}.Debug|x86.Build.0 = Debug|Win32
		{CD472501-03DB-41C3-B877-DF73E302EB95}.Release|x64.ActiveCfg = Release|x64
		{CD472501-03DB-41C3-B877-DF73E302EB95}.Release|x64.Build.0 = Release|x64
		{CD472501-03DB-41C3-B877-DF73E302EB95}.Release|x86.ActiveCfg = Release|Win32
		{CD472501-03DB-41C3-B877-DF73E302EB95}.Release|x86.Build.0 = Release|Win32
	EndGlobalSection
	GlobalSection(SolutionProperties) = preSolution
		HideSolutionNode = FALSE
	EndGlobalSection
	GlobalSection(ExtensibilityGlobals) = postSolution
		SolutionGuid = {FA0F5F1D-A47A-40FB-9973-896B75105F77}
	EndGlobalSection
EndGlobal
